{
  "nodes": {
    "berberman": {
      "inputs": {
        "nixpkgs": [
          "nixpkgs"
        ],
        "nvfetcher": "nvfetcher"
      },
      "locked": {
        "lastModified": 1669608259,
        "narHash": "sha256-1o5QKSzlM3HWNaPD7pzo+vD3P99+ju8mrvOBIn8/1WA=",
        "owner": "berberman",
        "repo": "flakes",
        "rev": "b07d30471147b07f000e7b1afe96fb0fad19fe69",
        "type": "github"
      },
      "original": {
        "owner": "berberman",
        "repo": "flakes",
        "type": "github"
      }
    },
    "emacs-overlay": {
      "inputs": {
        "flake-utils": [
          "flake-utils"
        ],
        "nixpkgs": [
          "nixpkgs"
        ]
      },
      "locked": {
        "lastModified": 1669714945,
        "narHash": "sha256-ShZuuVOlFno/YWJXlIvXkxjXRnL2JvHHuG7DasCgPEQ=",
        "owner": "nix-community",
        "repo": "emacs-overlay",
        "rev": "b152560f00867f85c441a2b2981f7ab4b787194e",
        "type": "github"
      },
      "original": {
        "owner": "nix-community",
        "repo": "emacs-overlay",
        "type": "github"
      }
    },
    "epkgs-exwm-ns": {
      "flake": false,
      "locked": {
        "lastModified": 1604918985,
        "narHash": "sha256-QZCEcpqWZgjppp/P48+DtC4XoR/4UAlXXxJA5FYLoLI=",
        "owner": "timor",
        "repo": "exwm-ns",
        "rev": "0230bb989d5c4c2d5474c35ba77882b65dc19bd9",
        "type": "github"
      },
      "original": {
        "owner": "timor",
        "repo": "exwm-ns",
        "type": "github"
      }
    },
    "epkgs-ligature": {
      "flake": false,
      "locked": {
        "lastModified": 1667477036,
        "narHash": "sha256-jaSu5MUvJyqjfzFlUop4DQ31qVHE1RzdtvAGj24V3eY=",
        "owner": "mickeynp",
        "repo": "ligature.el",
        "rev": "3d1460470736777fd8329e4bb4ac359bf4f1460a",
        "type": "github"
      },
      "original": {
        "owner": "mickeynp",
        "repo": "ligature.el",
        "type": "github"
      }
    },
    "epkgs-toggle-one-window": {
      "flake": false,
      "locked": {
        "lastModified": 1635755644,
        "narHash": "sha256-lSPe7hZ05PZj3Yk6yPYhXTyd5bezhvGuq3Vhnf5mHvk=",
        "owner": "manateelazycat",
        "repo": "toggle-one-window",
        "rev": "8ca741ca6be97c6049043aec6cec2e2bfbca5d19",
        "type": "github"
      },
      "original": {
        "owner": "manateelazycat",
        "repo": "toggle-one-window",
        "type": "github"
      }
    },
    "flake-compat": {
      "flake": false,
      "locked": {
        "lastModified": 1648199409,
        "narHash": "sha256-JwPKdC2PoVBkG6E+eWw3j6BMR6sL3COpYWfif7RVb8Y=",
        "owner": "edolstra",
        "repo": "flake-compat",
        "rev": "64a525ee38886ab9028e6f61790de0832aa3ef03",
        "type": "github"
      },
      "original": {
        "owner": "edolstra",
        "repo": "flake-compat",
        "type": "github"
      }
    },
    "flake-compat_2": {
      "flake": false,
      "locked": {
        "lastModified": 1668681692,
        "narHash": "sha256-Ht91NGdewz8IQLtWZ9LCeNXMSXHUss+9COoqu6JLmXU=",
        "owner": "edolstra",
        "repo": "flake-compat",
        "rev": "009399224d5e398d03b22badca40a37ac85412a1",
        "type": "github"
      },
      "original": {
        "owner": "edolstra",
        "repo": "flake-compat",
        "type": "github"
      }
    },
    "flake-utils": {
      "locked": {
        "lastModified": 1649676176,
        "narHash": "sha256-OWKJratjt2RW151VUlJPRALb7OU2S5s+f0vLj4o1bHM=",
        "owner": "numtide",
        "repo": "flake-utils",
        "rev": "a4b154ebbdc88c8498a5c7b01589addc9e9cb678",
        "type": "github"
      },
      "original": {
        "owner": "numtide",
        "repo": "flake-utils",
        "type": "github"
      }
    },
    "flake-utils_2": {
      "locked": {
        "lastModified": 1667395993,
        "narHash": "sha256-nuEHfE/LcWyuSWnS8t12N1wc105Qtau+/OdUAjtQ0rA=",
        "owner": "numtide",
        "repo": "flake-utils",
        "rev": "5aed5285a952e0b949eb3ba02c12fa4fcfef535f",
        "type": "github"
      },
      "original": {
        "owner": "numtide",
        "repo": "flake-utils",
        "type": "github"
      }
    },
    "home-manager": {
      "inputs": {
        "nixpkgs": [
          "nixpkgs"
        ],
        "utils": [
          "flake-utils"
        ]
      },
      "locked": {
        "lastModified": 1669724748,
        "narHash": "sha256-lXt0GnHogW63B8EQGME9ERkoCPqwUQtOG/qF20clfUw=",
        "owner": "nix-community",
        "repo": "home-manager",
        "rev": "cd2a826f33ee96f705e8c07b01fd1346b2eccbc0",
        "type": "github"
      },
      "original": {
        "owner": "nix-community",
        "repo": "home-manager",
        "type": "github"
      }
    },
    "lsp-nil": {
      "inputs": {
        "flake-utils": [
          "flake-utils"
        ],
        "nixpkgs": [
          "nixpkgs"
        ],
        "rust-overlay": [
          "rust-overlay"
        ]
      },
      "locked": {
        "lastModified": 1669568240,
        "narHash": "sha256-xarHQnV7XCvioDxoAhOI+KsDzPNeWZ3F1OCPJVWS5S4=",
        "owner": "oxalica",
        "repo": "nil",
        "rev": "8f8a5d2cffb1a92b1b4b5001239ca9138675c3f4",
        "type": "github"
      },
      "original": {
        "owner": "oxalica",
        "repo": "nil",
        "type": "github"
      }
    },
    "nixos-cn": {
      "inputs": {
        "flake-utils": [
          "flake-utils"
        ],
        "nixpkgs": [
          "nixpkgs"
        ]
      },
      "locked": {
        "lastModified": 1669686873,
        "narHash": "sha256-5HnoIZbXC5uealRODO5Ikg+0mN1thTnK5Jf9s1m1dXU=",
        "owner": "nixos-cn",
        "repo": "flakes",
        "rev": "a701301b80ae8b2591ed0cc2f313429455f4cfe6",
        "type": "github"
      },
      "original": {
        "owner": "nixos-cn",
        "repo": "flakes",
        "type": "github"
      }
    },
    "nixos-guix": {
      "inputs": {
        "flake-compat": [
          "flake-compat"
        ],
        "nixpkgs": [
          "nixpkgs"
        ]
      },
      "locked": {
        "lastModified": 1652888914,
        "narHash": "sha256-evmN01g9uL8KJCPKCn/UYNbVE6ba6qQUUoUR7KqmNv0=",
        "owner": "sauricat",
        "repo": "nguix",
        "rev": "200adf4024c299930778431253a202a0ab3fdb5b",
        "type": "github"
      },
      "original": {
        "owner": "sauricat",
        "repo": "nguix",
        "type": "github"
      }
    },
    "nixos-hardware": {
      "locked": {
        "lastModified": 1669650994,
        "narHash": "sha256-uwASLUfedIQ5q01TtMwZDEV2HCZr5nVPZjzVgCG+D5I=",
        "owner": "nixos",
        "repo": "nixos-hardware",
        "rev": "7883883d135ce5b7eae5dce4bfa12262b85c1c46",
        "type": "github"
      },
      "original": {
        "owner": "nixos",
        "ref": "master",
        "repo": "nixos-hardware",
        "type": "github"
      }
    },
    "nixpkgs": {
      "locked": {
        "lastModified": 1669542132,
        "narHash": "sha256-DRlg++NJAwPh8io3ExBJdNW7Djs3plVI5jgYQ+iXAZQ=",
        "owner": "nixos",
        "repo": "nixpkgs",
        "rev": "a115bb9bd56831941be3776c8a94005867f316a7",
        "type": "github"
      },
      "original": {
        "owner": "nixos",
        "ref": "nixos-unstable",
        "repo": "nixpkgs",
        "type": "github"
      }
    },
    "nixpkgs-master": {
      "locked": {
        "lastModified": 1669728100,
        "narHash": "sha256-cxx80gTEEmFoOP9RmGrD13newdTwzNh6t6YecMqoluA=",
        "owner": "nixos",
        "repo": "nixpkgs",
        "rev": "e94ed26f0e0e263f42e9a46074f751626091cdac",
        "type": "github"
      },
      "original": {
        "owner": "nixos",
        "ref": "master",
        "repo": "nixpkgs",
        "type": "github"
      }
    },
    "nvfetcher": {
      "inputs": {
        "flake-compat": "flake-compat",
        "flake-utils": "flake-utils",
        "nixpkgs": [
          "berberman",
          "nixpkgs"
        ]
      },
      "locked": {
        "lastModified": 1654975372,
        "narHash": "sha256-wkNZ16akgKViuZzE/IM+bux4uaJ04KIwUeexH8gBjgw=",
        "owner": "berberman",
        "repo": "nvfetcher",
        "rev": "d4b237c10f14f72f8266b0f658faad822e491e55",
        "type": "github"
      },
      "original": {
        "owner": "berberman",
        "repo": "nvfetcher",
        "type": "github"
      }
    },
    "oxalica": {
      "flake": false,
      "locked": {
        "lastModified": 1669224869,
        "narHash": "sha256-gJtesOszfGFQVyEav6Q4NGtgu99rY4R2FccJAZuvSvY=",
        "owner": "oxalica",
        "repo": "nixos-config",
        "rev": "36adacea6e11e25f83a3dc6ce2d5e89b071d4ed8",
        "type": "github"
      },
      "original": {
        "owner": "oxalica",
        "repo": "nixos-config",
        "type": "github"
      }
    },
    "root": {
      "inputs": {
        "berberman": "berberman",
        "emacs-overlay": "emacs-overlay",
        "epkgs-exwm-ns": "epkgs-exwm-ns",
        "epkgs-ligature": "epkgs-ligature",
        "epkgs-toggle-one-window": "epkgs-toggle-one-window",
        "flake-compat": "flake-compat_2",
        "flake-utils": "flake-utils_2",
        "home-manager": "home-manager",
        "lsp-nil": "lsp-nil",
        "nixos-cn": "nixos-cn",
        "nixos-guix": "nixos-guix",
        "nixos-hardware": "nixos-hardware",
        "nixpkgs": "nixpkgs",
        "nixpkgs-master": "nixpkgs-master",
        "oxalica": "oxalica",
        "rust-overlay": "rust-overlay",
        "tree-sitter-nix-oxa": "tree-sitter-nix-oxa"
      }
    },
    "rust-overlay": {
      "inputs": {
        "flake-utils": [
          "flake-utils"
        ],
        "nixpkgs": [
          "nixpkgs"
        ]
      },
      "locked": {
        "lastModified": 1669689198,
        "narHash": "sha256-YsWu3C9IGbH3+xguTzEDyQorFe/igr6FGZ+Q5T2ocxE=",
        "owner": "oxalica",
        "repo": "rust-overlay",
        "rev": "4e093ce661a63aca4bcbace33695225eae4ef4e4",
        "type": "github"
      },
      "original": {
        "owner": "oxalica",
        "repo": "rust-overlay",
        "type": "github"
      }
    },
    "tree-sitter-nix-oxa": {
      "flake": false,
      "locked": {
        "lastModified": 1639068943,
        "narHash": "sha256-x2Kq7t0p5AOKIHtEUHMIC6emZNoF9GE2FdKbjEfUp0E=",
        "owner": "oxalica",
        "repo": "tree-sitter-nix",
        "rev": "add8eb3050a0974c1854df419c192fa4f359bcb0",
        "type": "github"
      },
      "original": {
        "owner": "oxalica",
        "repo": "tree-sitter-nix",
        "type": "github"
      }
    }
  },
  "root": "root",
  "version": 7
}
