{
  "nodes": {
    "flake-compat": {
      "flake": false,
      "locked": {
        "lastModified": 1606424373,
        "narHash": "sha256-oq8d4//CJOrVj+EcOaSXvMebvuTkmBJuT5tzlfewUnQ=",
        "owner": "edolstra",
        "repo": "flake-compat",
        "rev": "99f1c2157fba4bfe6211a321fd0ee43199025dbf",
        "type": "github"
      },
      "original": {
        "owner": "edolstra",
        "repo": "flake-compat",
        "type": "github"
      }
    },
    "flake-utils": {
      "locked": {
        "lastModified": 1653893745,
        "narHash": "sha256-0jntwV3Z8//YwuOjzhV2sgJJPt+HY6KhU7VZUL0fKZQ=",
        "owner": "numtide",
        "repo": "flake-utils",
        "rev": "1ed9fb1935d260de5fe1c2f7ee0ebaae17ed2fa1",
        "type": "github"
      },
      "original": {
        "owner": "numtide",
        "repo": "flake-utils",
        "type": "github"
      }
    },
    "flake-utils_2": {
      "locked": {
        "lastModified": 1638122382,
        "narHash": "sha256-sQzZzAbvKEqN9s0bzWuYmRaA03v40gaJ4+iL1LXjaeI=",
        "owner": "numtide",
        "repo": "flake-utils",
        "rev": "74f7e4319258e287b0f9cb95426c9853b282730b",
        "type": "github"
      },
      "original": {
        "owner": "numtide",
        "repo": "flake-utils",
        "type": "github"
      }
    },
    "home-manager": {
      "inputs": {
        "nixpkgs": [
          "nixpkgs"
        ]
      },
      "locked": {
        "lastModified": 1653943687,
        "narHash": "sha256-xXW9t24HLf89+n/92kOqRRfOBE3KDna+9rAOefs5WSQ=",
        "owner": "nix-community",
        "repo": "home-manager",
        "rev": "8f3e26705178cc8c1d982d37d881fc0d5b5b1837",
        "type": "github"
      },
      "original": {
        "owner": "nix-community",
        "repo": "home-manager",
        "type": "github"
      }
    },
    "nixos-cn": {
      "inputs": {
        "flake-utils": "flake-utils_2",
        "nixpkgs": [
          "nixpkgs"
        ]
      },
      "locked": {
        "lastModified": 1653963149,
        "narHash": "sha256-LqzkyrNVTDl3pTnDRtu5B3H/DpfaxRZrXbyMjC3A5NI=",
        "owner": "nixos-cn",
        "repo": "flakes",
        "rev": "82804131938b64fe75f7483dc5c253d99f952f59",
        "type": "github"
      },
      "original": {
        "owner": "nixos-cn",
        "repo": "flakes",
        "type": "github"
      }
    },
    "nixos-guix": {
      "inputs": {
        "flake-compat": "flake-compat",
        "nixpkgs": "nixpkgs"
      },
      "locked": {
        "lastModified": 1652888914,
        "narHash": "sha256-evmN01g9uL8KJCPKCn/UYNbVE6ba6qQUUoUR7KqmNv0=",
        "owner": "sauricat",
        "repo": "nguix",
        "rev": "200adf4024c299930778431253a202a0ab3fdb5b",
        "type": "github"
      },
      "original": {
        "owner": "sauricat",
        "repo": "nguix",
        "type": "github"
      }
    },
    "nixos-hardware": {
      "locked": {
        "lastModified": 1653463224,
        "narHash": "sha256-bUxKhqZhki2vPzFTl8HOo1m7pagF7WzY1MZiso8U5ws=",
        "owner": "nixos",
        "repo": "nixos-hardware",
        "rev": "39a7bfc496d2ddfce73fe9542af1f2029ba4fe39",
        "type": "github"
      },
      "original": {
        "owner": "nixos",
        "ref": "master",
        "repo": "nixos-hardware",
        "type": "github"
      }
    },
    "nixpkgs": {
      "locked": {
        "lastModified": 1624148921,
        "narHash": "sha256-FAhKTXZV67C36hK5lPvZfsFt+QY1QSHYQXwGXqpOChs=",
        "owner": "nixos",
        "repo": "nixpkgs",
        "rev": "f2122ea5815648effdd97157c7bf4e9a1a6dbb34",
        "type": "github"
      },
      "original": {
        "owner": "nixos",
        "ref": "nixos-unstable-small",
        "repo": "nixpkgs",
        "type": "github"
      }
    },
    "nixpkgs-master": {
      "locked": {
        "lastModified": 1654000565,
        "narHash": "sha256-27cHgtooNUIPGpVlE/VWjt52oFcwq4B1jMkrRbQ8Fc4=",
        "owner": "nixos",
        "repo": "nixpkgs",
        "rev": "f51cb36f2c98a991b8e4fbe257dc146577075f84",
        "type": "github"
      },
      "original": {
        "owner": "nixos",
        "ref": "master",
        "repo": "nixpkgs",
        "type": "github"
      }
    },
    "nixpkgs_2": {
      "locked": {
        "lastModified": 1653845079,
        "narHash": "sha256-7ghaQZ+7JXLI9FgNH8+RQHAt3/ubT92j8NtjZleP6t4=",
        "owner": "nixos",
        "repo": "nixpkgs",
        "rev": "b62ada430501de88dfbb08cea4eb98ead3a5e3e7",
        "type": "github"
      },
      "original": {
        "owner": "nixos",
        "ref": "nixos-unstable",
        "repo": "nixpkgs",
        "type": "github"
      }
    },
    "nur": {
      "locked": {
        "lastModified": 1653970042,
        "narHash": "sha256-EcphYipFvqkFV9PrWUUz034G7WQHZwYVwzGiyU5384A=",
        "owner": "nix-community",
        "repo": "NUR",
        "rev": "83f9a7c7287210b20da844b1ccd7c79cb696f51e",
        "type": "github"
      },
      "original": {
        "owner": "nix-community",
        "repo": "NUR",
        "type": "github"
      }
    },
    "root": {
      "inputs": {
        "flake-utils": "flake-utils",
        "home-manager": "home-manager",
        "nixos-cn": "nixos-cn",
        "nixos-guix": "nixos-guix",
        "nixos-hardware": "nixos-hardware",
        "nixpkgs": "nixpkgs_2",
        "nixpkgs-master": "nixpkgs-master",
        "nur": "nur"
      }
    }
  },
  "root": "root",
  "version": 7
}
